
Microsoft Visual Studio Solution File, Format Version 12.00
Project("{FAE04EC0-301F-11D3-BF4B-00C04F79EFBC}") = "PizzaStore", "PizzaStore.csproj", "{C1284986-8706-4BF2-8AE2-DF3F20A934D9}"
EndProject
Global
	GlobalSection(SolutionConfigurationPlatforms) = preSolution
		Debug|Any CPU = Debug|Any CPU
		Release|Any CPU = Release|Any CPU
	EndGlobalSection
	GlobalSection(ProjectConfigurationPlatforms) = postSolution
		{C1284986-8706-4BF2-8AE2-DF3F20A934D9}.Debug|Any CPU.ActiveCfg = Debug|Any CPU
		{C1284986-8706-4BF2-8AE2-DF3F20A934D9}.Debug|Any CPU.Build.0 = Debug|Any CPU
		{C1284986-8706-4BF2-8AE2-DF3F20A934D9}.Release|Any CPU.ActiveCfg = Release|Any CPU
		{C1284986-8706-4BF2-8AE2-DF3F20A934D9}.Release|Any CPU.Build.0 = Release|Any CPU
	EndGlobalSection
EndGlobal
